
Microsoft Visual Studio Solution File, Format Version 12.00
# Visual Studio Version 16
VisualStudioVersion = 16.0.30128.74
MinimumVisualStudioVersion = 10.0.40219.1
Project("{FAE04EC0-301F-11D3-BF4B-00C04F79EFBC}") = "MyProject", "MyProject\MyProject.csproj", "{7042EB77-F438-45C4-8529-F8C53FD80845}"
EndProject
Global
	GlobalSection(SolutionConfigurationPlatforms) = preSolution
		Debug|Any CPU = Debug|Any CPU
		Release|Any CPU = Release|Any CPU
	EndGlobalSection
	GlobalSection(ProjectConfigurationPlatforms) = postSolution
		{7042EB77-F438-45C4-8529-F8C53FD80845}.Debug|Any CPU.ActiveCfg = Debug|Any CPU
		{7042EB77-F438-45C4-8529-F8C53FD80845}.Debug|Any CPU.Build.0 = Debug|Any CPU
		{7042EB77-F438-45C4-8529-F8C53FD80845}.Release|Any CPU.ActiveCfg = Release|Any CPU
		{7042EB77-F438-45C4-8529-F8C53FD80845}.Release|Any CPU.Build.0 = Release|Any CPU
	EndGlobalSection
	GlobalSection(SolutionProperties) = preSolution
		HideSolutionNode = FALSE
	EndGlobalSection
	GlobalSection(ExtensibilityGlobals) = postSolution
		SolutionGuid = {B35E0FB4-CD47-4C99-9FAB-B18B7FB27BD5}
	EndGlobalSection
EndGlobal
